
Microsoft Visual Studio Solution File, Format Version 12.00
# Visual Studio Version 17
VisualStudioVersion = 17.4.33205.214
MinimumVisualStudioVersion = 10.0.40219.1
Project("{9A19103F-16F7-4668-BE54-9A1E7A4F7556}") = "RepetitionStructure", "RepetitionStructure.csproj", "{7EF27F6D-0B16-4A51-8946-7C2B503F3571}"
EndProject
Global
	GlobalSection(SolutionConfigurationPlatforms) = preSolution
		Debug|Any CPU = Debug|Any CPU
		Release|Any CPU = Release|Any CPU
	EndGlobalSection
	GlobalSection(ProjectConfigurationPlatforms) = postSolution
		{7EF27F6D-0B16-4A51-8946-7C2B503F3571}.Debug|Any CPU.ActiveCfg = Debug|Any CPU
		{7EF27F6D-0B16-4A51-8946-7C2B503F3571}.Debug|Any CPU.Build.0 = Debug|Any CPU
		{7EF27F6D-0B16-4A51-8946-7C2B503F3571}.Release|Any CPU.ActiveCfg = Release|Any CPU
		{7EF27F6D-0B16-4A51-8946-7C2B503F3571}.Release|Any CPU.Build.0 = Release|Any CPU
	EndGlobalSection
	GlobalSection(SolutionProperties) = preSolution
		HideSolutionNode = FALSE
	EndGlobalSection
	GlobalSection(ExtensibilityGlobals) = postSolution
		SolutionGuid = {6CBF9769-78F6-407C-AED6-1DB0BDCF869C}
	EndGlobalSection
EndGlobal
